
Microsoft Visual Studio Solution File, Format Version 12.00
# Visual Studio Version 16
VisualStudioVersion = 16.0.33927.289
MinimumVisualStudioVersion = 10.0.40219.1
Project("{2150E333-8FDC-42A3-9474-1A3956D46DE8}") = "Task0", "Task0", "{343BB862-0643-43FE-9EC5-64CAC4BBC501}"
EndProject
Project("{FAE04EC0-301F-11D3-BF4B-00C04F79EFBC}") = "Tyuiu.UleevRI.Sprint0.Task0.V0", "Tyuiu.UleevRI.Sprint0.Task0.V0\Tyuiu.UleevRI.Sprint0.Task0.V0.csproj", "{2E0D72F7-5518-403F-98D1-9D87A27F3404}"
EndProject
Project("{2150E333-8FDC-42A3-9474-1A3956D46DE8}") = "Task1", "Task1", "{2AD14982-8C9D-4B49-8132-B9E595061587}"
EndProject
Project("{FAE04EC0-301F-11D3-BF4B-00C04F79EFBC}") = "Tyuiu.UleevRI.Sprint0.Task1.V0", "Tyuiu.UleevRI.Sprint0.Task1.V0\Tyuiu.UleevRI.Sprint0.Task1.V0.csproj", "{B5A731C7-A5AC-4636-AC58-C7CD8F7D0CEF}"
EndProject
Project("{2150E333-8FDC-42A3-9474-1A3956D46DE8}") = "Task2", "Task2", "{C73FCC04-5DBE-4487-885B-E8DC23353D2C}"
EndProject
Project("{FAE04EC0-301F-11D3-BF4B-00C04F79EFBC}") = "Tyuiu.UleevRI.Sprint0.Task2.V0", "Tyuiu.UleevRI.Sprint0.Task2.V0\Tyuiu.UleevRI.Sprint0.Task2.V0.csproj", "{B329F8AF-88FE-46B0-831D-6125B9F8BA93}"
EndProject
Project("{FAE04EC0-301F-11D3-BF4B-00C04F79EFBC}") = "Tyuiu.UleevRI.Sprint0.Task2.V0.Lib", "Tyuiu.UleevRI.Sprint0.Task2.V0.Lib\Tyuiu.UleevRI.Sprint0.Task2.V0.Lib.csproj", "{BE235B2B-7020-4DF0-AEE1-97E9A7ADC65B}"
EndProject
Project("{FAE04EC0-301F-11D3-BF4B-00C04F79EFBC}") = "Tyuiu.UleevRI.Sprint0.Task2.V0.Test", "Tyuiu.UleevRI.Sprint0.Task2.V0.Test\Tyuiu.UleevRI.Sprint0.Task2.V0.Test.csproj", "{D51C3ADC-A840-4132-9D2A-3A0230558413}"
EndProject
Project("{2150E333-8FDC-42A3-9474-1A3956D46DE8}") = "Task3", "Task3", "{EF0AF891-0C1A-47E7-9673-404CB34A0E91}"
EndProject
Project("{FAE04EC0-301F-11D3-BF4B-00C04F79EFBC}") = "Tyuiu.UleevRI.Sprint0.Task3.V0", "Tyuiu.UleevRI.Sprint0.Task3.V0\Tyuiu.UleevRI.Sprint0.Task3.V0.csproj", "{42053E20-DC28-4FAF-B9B1-90DF87FC6C9B}"
EndProject
Project("{FAE04EC0-301F-11D3-BF4B-00C04F79EFBC}") = "Tyuiu.UleevRI.Sprint0.Task3.V0.Lib", "Tyuiu.UleevRI.Sprint0.Task3.V0.Lib\Tyuiu.UleevRI.Sprint0.Task3.V0.Lib.csproj", "{1F5D72D6-856B-4F39-B33B-4788711AC042}"
EndProject
Project("{FAE04EC0-301F-11D3-BF4B-00C04F79EFBC}") = "Tyuiu.UleevRI.Sprint0.Task3.V0.Test", "Tyuiu.UleevRI.Sprint0.Task3.V0.Test\Tyuiu.UleevRI.Sprint0.Task3.V0.Test.csproj", "{3FBA3242-3B83-4C5D-85EC-95BC8B5A79D5}"
EndProject
Project("{2150E333-8FDC-42A3-9474-1A3956D46DE8}") = "Task4", "Task4", "{C6B1DCD6-8D66-4F98-AFAF-8900DC5C1A39}"
EndProject
Project("{FAE04EC0-301F-11D3-BF4B-00C04F79EFBC}") = "Tyuiu.UleevRI.Sprint0.Task4.V0", "Tyuiu.UleevRI.Sprint0.Task4.V0\Tyuiu.UleevRI.Sprint0.Task4.V0.csproj", "{951BE2B5-F50A-4F34-B0D3-68C55918F668}"
EndProject
Project("{FAE04EC0-301F-11D3-BF4B-00C04F79EFBC}") = "Tyuiu.UleevRI.Sprint0.Task4.V0.Lib", "Tyuiu.UleevRI.Sprint0.Task4.V0.Lib\Tyuiu.UleevRI.Sprint0.Task4.V0.Lib.csproj", "{FA132CF5-5A54-4BF0-845E-0138A263C53C}"
EndProject
Project("{FAE04EC0-301F-11D3-BF4B-00C04F79EFBC}") = "Tyuiu.UleevRI.Sprint0.Task4.V0.Test", "Tyuiu.UleevRI.Sprint0.Task4.V0.Test\Tyuiu.UleevRI.Sprint0.Task4.V0.Test.csproj", "{4AA40359-6702-4B8C-AB00-2223510C973A}"
EndProject
Project("{2150E333-8FDC-42A3-9474-1A3956D46DE8}") = "Task5", "Task5", "{6F1D004B-500B-4212-A296-7C1D81BA54D4}"
EndProject
Project("{FAE04EC0-301F-11D3-BF4B-00C04F79EFBC}") = "Tyuiu.UleevRI.Sprint0.Task5.V0", "Tyuiu.UleevRI.Sprint0.Task5.V0\Tyuiu.UleevRI.Sprint0.Task5.V0.csproj", "{5A577C47-045E-44A0-96B2-D8226FCA4C73}"
EndProject
Project("{FAE04EC0-301F-11D3-BF4B-00C04F79EFBC}") = "Tyuiu.UleevRI.Sprint0.Task5.V0.Lib", "Tyuiu.UleevRI.Sprint0.Task5.V0.Lib\Tyuiu.UleevRI.Sprint0.Task5.V0.Lib.csproj", "{10D75206-5F28-4817-B112-B9D0D6387845}"
EndProject
Project("{FAE04EC0-301F-11D3-BF4B-00C04F79EFBC}") = "Tyuiu.UleevRI.Sprint0.Task5.V0.Test", "Tyuiu.UleevRI.Sprint0.Task5.V0.Test\Tyuiu.UleevRI.Sprint0.Task5.V0.Test.csproj", "{C2B664D0-D2BB-4BDC-8C68-A30A57E2B48F}"
EndProject
Project("{2150E333-8FDC-42A3-9474-1A3956D46DE8}") = "Task6", "Task6", "{32D39272-B89E-41D4-93D4-58C4F812D3C1}"
EndProject
Project("{FAE04EC0-301F-11D3-BF4B-00C04F79EFBC}") = "Tyuiu.UleevRI.Sprint0.Task6.V0", "Tyuiu.UleevRI.Sprint0.Task6.V0\Tyuiu.UleevRI.Sprint0.Task6.V0.csproj", "{7B94E7D0-F897-4DB7-99B8-9EAAD845A074}"
EndProject
Project("{FAE04EC0-301F-11D3-BF4B-00C04F79EFBC}") = "Tyuiu.UleevRI.Sprint0.Task6.V0.Lib", "Tyuiu.UleevRI.Sprint0.Task6.V0.Lib\Tyuiu.UleevRI.Sprint0.Task6.V0.Lib.csproj", "{84C75C28-12CC-4488-B5ED-B2C874056F95}"
EndProject
Project("{FAE04EC0-301F-11D3-BF4B-00C04F79EFBC}") = "Tyuiu.UleevRI.Sprint0.Task6.V0.Test", "Tyuiu.UleevRI.Sprint0.Task6.V0.Test\Tyuiu.UleevRI.Sprint0.Task6.V0.Test.csproj", "{713D7963-9A6B-4548-B4BD-5E4241141759}"
EndProject
Global
	GlobalSection(SolutionConfigurationPlatforms) = preSolution
		Debug|Any CPU = Debug|Any CPU
		Release|Any CPU = Release|Any CPU
	EndGlobalSection
	GlobalSection(ProjectConfigurationPlatforms) = postSolution
		{2E0D72F7-5518-403F-98D1-9D87A27F3404}.Debug|Any CPU.ActiveCfg = Debug|Any CPU
		{2E0D72F7-5518-403F-98D1-9D87A27F3404}.Debug|Any CPU.Build.0 = Debug|Any CPU
		{2E0D72F7-5518-403F-98D1-9D87A27F3404}.Release|Any CPU.ActiveCfg = Release|Any CPU
		{2E0D72F7-5518-403F-98D1-9D87A27F3404}.Release|Any CPU.Build.0 = Release|Any CPU
		{B5A731C7-A5AC-4636-AC58-C7CD8F7D0CEF}.Debug|Any CPU.ActiveCfg = Debug|Any CPU
		{B5A731C7-A5AC-4636-AC58-C7CD8F7D0CEF}.Debug|Any CPU.Build.0 = Debug|Any CPU
		{B5A731C7-A5AC-4636-AC58-C7CD8F7D0CEF}.Release|Any CPU.ActiveCfg = Release|Any CPU
		{B5A731C7-A5AC-4636-AC58-C7CD8F7D0CEF}.Release|Any CPU.Build.0 = Release|Any CPU
		{B329F8AF-88FE-46B0-831D-6125B9F8BA93}.Debug|Any CPU.ActiveCfg = Debug|Any CPU
		{B329F8AF-88FE-46B0-831D-6125B9F8BA93}.Debug|Any CPU.Build.0 = Debug|Any CPU
		{B329F8AF-88FE-46B0-831D-6125B9F8BA93}.Release|Any CPU.ActiveCfg = Release|Any CPU
		{B329F8AF-88FE-46B0-831D-6125B9F8BA93}.Release|Any CPU.Build.0 = Release|Any CPU
		{BE235B2B-7020-4DF0-AEE1-97E9A7ADC65B}.Debug|Any CPU.ActiveCfg = Debug|Any CPU
		{BE235B2B-7020-4DF0-AEE1-97E9A7ADC65B}.Debug|Any CPU.Build.0 = Debug|Any CPU
		{BE235B2B-7020-4DF0-AEE1-97E9A7ADC65B}.Release|Any CPU.ActiveCfg = Release|Any CPU
		{BE235B2B-7020-4DF0-AEE1-97E9A7ADC65B}.Release|Any CPU.Build.0 = Release|Any CPU
		{D51C3ADC-A840-4132-9D2A-3A0230558413}.Debug|Any CPU.ActiveCfg = Debug|Any CPU
		{D51C3ADC-A840-4132-9D2A-3A0230558413}.Debug|Any CPU.Build.0 = Debug|Any CPU
		{D51C3ADC-A840-4132-9D2A-3A0230558413}.Release|Any CPU.ActiveCfg = Release|Any CPU
		{D51C3ADC-A840-4132-9D2A-3A0230558413}.Release|Any CPU.Build.0 = Release|Any CPU
		{42053E20-DC28-4FAF-B9B1-90DF87FC6C9B}.Debug|Any CPU.ActiveCfg = Debug|Any CPU
		{42053E20-DC28-4FAF-B9B1-90DF87FC6C9B}.Debug|Any CPU.Build.0 = Debug|Any CPU
		{42053E20-DC28-4FAF-B9B1-90DF87FC6C9B}.Release|Any CPU.ActiveCfg = Release|Any CPU
		{42053E20-DC28-4FAF-B9B1-90DF87FC6C9B}.Release|Any CPU.Build.0 = Release|Any CPU
		{1F5D72D6-856B-4F39-B33B-4788711AC042}.Debug|Any CPU.ActiveCfg = Debug|Any CPU
		{1F5D72D6-856B-4F39-B33B-4788711AC042}.Debug|Any CPU.Build.0 = Debug|Any CPU
		{1F5D72D6-856B-4F39-B33B-4788711AC042}.Release|Any CPU.ActiveCfg = Release|Any CPU
		{1F5D72D6-856B-4F39-B33B-4788711AC042}.Release|Any CPU.Build.0 = Release|Any CPU
		{3FBA3242-3B83-4C5D-85EC-95BC8B5A79D5}.Debug|Any CPU.ActiveCfg = Debug|Any CPU
		{3FBA3242-3B83-4C5D-85EC-95BC8B5A79D5}.Debug|Any CPU.Build.0 = Debug|Any CPU
		{3FBA3242-3B83-4C5D-85EC-95BC8B5A79D5}.Release|Any CPU.ActiveCfg = Release|Any CPU
		{3FBA3242-3B83-4C5D-85EC-95BC8B5A79D5}.Release|Any CPU.Build.0 = Release|Any CPU
		{951BE2B5-F50A-4F34-B0D3-68C55918F668}.Debug|Any CPU.ActiveCfg = Debug|Any CPU
		{951BE2B5-F50A-4F34-B0D3-68C55918F668}.Debug|Any CPU.Build.0 = Debug|Any CPU
		{951BE2B5-F50A-4F34-B0D3-68C55918F668}.Release|Any CPU.ActiveCfg = Release|Any CPU
		{951BE2B5-F50A-4F34-B0D3-68C55918F668}.Release|Any CPU.Build.0 = Release|Any CPU
		{FA132CF5-5A54-4BF0-845E-0138A263C53C}.Debug|Any CPU.ActiveCfg = Debug|Any CPU
		{FA132CF5-5A54-4BF0-845E-0138A263C53C}.Debug|Any CPU.Build.0 = Debug|Any CPU
		{FA132CF5-5A54-4BF0-845E-0138A263C53C}.Release|Any CPU.ActiveCfg = Release|Any CPU
		{FA132CF5-5A54-4BF0-845E-0138A263C53C}.Release|Any CPU.Build.0 = Release|Any CPU
		{4AA40359-6702-4B8C-AB00-2223510C973A}.Debug|Any CPU.ActiveCfg = Debug|Any CPU
		{4AA40359-6702-4B8C-AB00-2223510C973A}.Debug|Any CPU.Build.0 = Debug|Any CPU
		{4AA40359-6702-4B8C-AB00-2223510C973A}.Release|Any CPU.ActiveCfg = Release|Any CPU
		{4AA40359-6702-4B8C-AB00-2223510C973A}.Release|Any CPU.Build.0 = Release|Any CPU
		{5A577C47-045E-44A0-96B2-D8226FCA4C73}.Debug|Any CPU.ActiveCfg = Debug|Any CPU
		{5A577C47-045E-44A0-96B2-D8226FCA4C73}.Debug|Any CPU.Build.0 = Debug|Any CPU
		{5A577C47-045E-44A0-96B2-D8226FCA4C73}.Release|Any CPU.ActiveCfg = Release|Any CPU
		{5A577C47-045E-44A0-96B2-D8226FCA4C73}.Release|Any CPU.Build.0 = Release|Any CPU
		{10D75206-5F28-4817-B112-B9D0D6387845}.Debug|Any CPU.ActiveCfg = Debug|Any CPU
		{10D75206-5F28-4817-B112-B9D0D6387845}.Debug|Any CPU.Build.0 = Debug|Any CPU
		{10D75206-5F28-4817-B112-B9D0D6387845}.Release|Any CPU.ActiveCfg = Release|Any CPU
		{10D75206-5F28-4817-B112-B9D0D6387845}.Release|Any CPU.Build.0 = Release|Any CPU
		{C2B664D0-D2BB-4BDC-8C68-A30A57E2B48F}.Debug|Any CPU.ActiveCfg = Debug|Any CPU
		{C2B664D0-D2BB-4BDC-8C68-A30A57E2B48F}.Debug|Any CPU.Build.0 = Debug|Any CPU
		{C2B664D0-D2BB-4BDC-8C68-A30A57E2B48F}.Release|Any CPU.ActiveCfg = Release|Any CPU
		{C2B664D0-D2BB-4BDC-8C68-A30A57E2B48F}.Release|Any CPU.Build.0 = Release|Any CPU
		{7B94E7D0-F897-4DB7-99B8-9EAAD845A074}.Debug|Any CPU.ActiveCfg = Debug|Any CPU
		{7B94E7D0-F897-4DB7-99B8-9EAAD845A074}.Debug|Any CPU.Build.0 = Debug|Any CPU
		{7B94E7D0-F897-4DB7-99B8-9EAAD845A074}.Release|Any CPU.ActiveCfg = Release|Any CPU
		{7B94E7D0-F897-4DB7-99B8-9EAAD845A074}.Release|Any CPU.Build.0 = Release|Any CPU
		{84C75C28-12CC-4488-B5ED-B2C874056F95}.Debug|Any CPU.ActiveCfg = Debug|Any CPU
		{84C75C28-12CC-4488-B5ED-B2C874056F95}.Debug|Any CPU.Build.0 = Debug|Any CPU
		{84C75C28-12CC-4488-B5ED-B2C874056F95}.Release|Any CPU.ActiveCfg = Release|Any CPU
		{84C75C28-12CC-4488-B5ED-B2C874056F95}.Release|Any CPU.Build.0 = Release|Any CPU
		{713D7963-9A6B-4548-B4BD-5E4241141759}.Debug|Any CPU.ActiveCfg = Debug|Any CPU
		{713D7963-9A6B-4548-B4BD-5E4241141759}.Debug|Any CPU.Build.0 = Debug|Any CPU
		{713D7963-9A6B-4548-B4BD-5E4241141759}.Release|Any CPU.ActiveCfg = Release|Any CPU
		{713D7963-9A6B-4548-B4BD-5E4241141759}.Release|Any CPU.Build.0 = Release|Any CPU
	EndGlobalSection
	GlobalSection(SolutionProperties) = preSolution
		HideSolutionNode = FALSE
	EndGlobalSection
	GlobalSection(NestedProjects) = preSolution
		{2E0D72F7-5518-403F-98D1-9D87A27F3404} = {343BB862-0643-43FE-9EC5-64CAC4BBC501}
		{B5A731C7-A5AC-4636-AC58-C7CD8F7D0CEF} = {2AD14982-8C9D-4B49-8132-B9E595061587}
		{B329F8AF-88FE-46B0-831D-6125B9F8BA93} = {C73FCC04-5DBE-4487-885B-E8DC23353D2C}
		{BE235B2B-7020-4DF0-AEE1-97E9A7ADC65B} = {C73FCC04-5DBE-4487-885B-E8DC23353D2C}
		{D51C3ADC-A840-4132-9D2A-3A0230558413} = {C73FCC04-5DBE-4487-885B-E8DC23353D2C}
		{42053E20-DC28-4FAF-B9B1-90DF87FC6C9B} = {EF0AF891-0C1A-47E7-9673-404CB34A0E91}
		{1F5D72D6-856B-4F39-B33B-4788711AC042} = {EF0AF891-0C1A-47E7-9673-404CB34A0E91}
		{3FBA3242-3B83-4C5D-85EC-95BC8B5A79D5} = {EF0AF891-0C1A-47E7-9673-404CB34A0E91}
		{951BE2B5-F50A-4F34-B0D3-68C55918F668} = {C6B1DCD6-8D66-4F98-AFAF-8900DC5C1A39}
		{FA132CF5-5A54-4BF0-845E-0138A263C53C} = {C6B1DCD6-8D66-4F98-AFAF-8900DC5C1A39}
		{4AA40359-6702-4B8C-AB00-2223510C973A} = {C6B1DCD6-8D66-4F98-AFAF-8900DC5C1A39}
		{5A577C47-045E-44A0-96B2-D8226FCA4C73} = {6F1D004B-500B-4212-A296-7C1D81BA54D4}
		{10D75206-5F28-4817-B112-B9D0D6387845} = {6F1D004B-500B-4212-A296-7C1D81BA54D4}
		{C2B664D0-D2BB-4BDC-8C68-A30A57E2B48F} = {6F1D004B-500B-4212-A296-7C1D81BA54D4}
		{7B94E7D0-F897-4DB7-99B8-9EAAD845A074} = {32D39272-B89E-41D4-93D4-58C4F812D3C1}
		{84C75C28-12CC-4488-B5ED-B2C874056F95} = {32D39272-B89E-41D4-93D4-58C4F812D3C1}
		{713D7963-9A6B-4548-B4BD-5E4241141759} = {32D39272-B89E-41D4-93D4-58C4F812D3C1}
	EndGlobalSection
	GlobalSection(ExtensibilityGlobals) = postSolution
		SolutionGuid = {8EC01AF4-4C40-4614-A60D-49495DDB7430}
	EndGlobalSection
EndGlobal
